
Microsoft Visual Studio Solution File, Format Version 12.00
# Visual Studio Version 17
VisualStudioVersion = 17.11.35327.3
MinimumVisualStudioVersion = 10.0.40219.1
Project("{FAE04EC0-301F-11D3-BF4B-00C04F79EFBC}") = "Talent-Hub", "Talent-Hub\Talent-Hub.csproj", "{B2842007-C9EF-45F6-B7A5-890384CE4892}"
EndProject
Global
	GlobalSection(SolutionConfigurationPlatforms) = preSolution
		Debug|Any CPU = Debug|Any CPU
		Release|Any CPU = Release|Any CPU
	EndGlobalSection
	GlobalSection(ProjectConfigurationPlatforms) = postSolution
		{B2842007-C9EF-45F6-B7A5-890384CE4892}.Debug|Any CPU.ActiveCfg = Debug|Any CPU
		{B2842007-C9EF-45F6-B7A5-890384CE4892}.Debug|Any CPU.Build.0 = Debug|Any CPU
		{B2842007-C9EF-45F6-B7A5-890384CE4892}.Release|Any CPU.ActiveCfg = Release|Any CPU
		{B2842007-C9EF-45F6-B7A5-890384CE4892}.Release|Any CPU.Build.0 = Release|Any CPU
	EndGlobalSection
	GlobalSection(SolutionProperties) = preSolution
		HideSolutionNode = FALSE
	EndGlobalSection
	GlobalSection(ExtensibilityGlobals) = postSolution
		SolutionGuid = {4A0DF471-1BF7-4B46-91B0-3DBFF013C912}
	EndGlobalSection
EndGlobal
